
Microsoft Visual Studio Solution File, Format Version 12.00
# Visual Studio Version 17
VisualStudioVersion = 17.9.34622.214
MinimumVisualStudioVersion = 10.0.40219.1
Project("{FAE04EC0-301F-11D3-BF4B-00C04F79EFBC}") = "Ecommerce website", "Ecommerce website\Ecommerce website.csproj", "{0945F1C1-696E-4FB7-9ED6-D2BC47B65A9A}"
EndProject
Global
	GlobalSection(SolutionConfigurationPlatforms) = preSolution
		Debug|Any CPU = Debug|Any CPU
		Release|Any CPU = Release|Any CPU
	EndGlobalSection
	GlobalSection(ProjectConfigurationPlatforms) = postSolution
		{0945F1C1-696E-4FB7-9ED6-D2BC47B65A9A}.Debug|Any CPU.ActiveCfg = Debug|Any CPU
		{0945F1C1-696E-4FB7-9ED6-D2BC47B65A9A}.Debug|Any CPU.Build.0 = Debug|Any CPU
		{0945F1C1-696E-4FB7-9ED6-D2BC47B65A9A}.Release|Any CPU.ActiveCfg = Release|Any CPU
		{0945F1C1-696E-4FB7-9ED6-D2BC47B65A9A}.Release|Any CPU.Build.0 = Release|Any CPU
	EndGlobalSection
	GlobalSection(SolutionProperties) = preSolution
		HideSolutionNode = FALSE
	EndGlobalSection
	GlobalSection(ExtensibilityGlobals) = postSolution
		SolutionGuid = {42BD1F3B-C3BF-456C-9081-9B1BFF1EF295}
	EndGlobalSection
EndGlobal
